{
  "name": "honojs-api",
  "version": "1.0.0",
  "lockfileVersion": 3,
  "requires": true,
  "packages": {
    "": {
      "name": "honojs-api",
      "version": "1.0.0",
      "license": "ISC",
      "dependencies": {
        "hono": "^4.2.7"
      }
    },
    "node_modules/hono": {
      "version": "4.2.7",
      "resolved": "https://registry.npmjs.org/hono/-/hono-4.2.7.tgz",
      "integrity": "sha512-k1xHi86tJnRIVvqhFMBDGFKJ8r5O+bEsT4P59ZK59r0F300Xd910/r237inVfuT/VmE86RQQffX4OYNda6dLXw==",
      "engines": {
        "node": ">=16.0.0"
      }
    }
  }
}
